<?xml version="1.0" encoding="utf-8"?>
<Project ToolsVersion="4.0" xmlns="http://schemas.microsoft.com/developer/msbuild/2003">
  <ItemGroup>
    <Filter Include="Source Files">
      <UniqueIdentifier>{4FC737F1-C7A5-4376-A066-2A32D752A2FF}</UniqueIdentifier>
      <Extensions>cpp;c;cc;cxx;c++;cppm;ixx;def;odl;idl;hpj;bat;asm;asmx</Extensions>
    </Filter>
    <Filter Include="Header Files">
      <UniqueIdentifier>{93995380-89BD-4b04-88EB-625FBE52EBFB}</UniqueIdentifier>
      <Extensions>h;hh;hpp;hxx;h++;hm;inl;inc;ipp;xsd</Extensions>
    </Filter>
    <Filter Include="Resource Files">
      <UniqueIdentifier>{67DA6AB6-F800-4c08-8B7A-83BB121AAD01}</UniqueIdentifier>
      <Extensions>rc;ico;cur;bmp;dlg;rc2;rct;bin;rgs;gif;jpg;jpeg;jpe;resx;tiff;tif;png;wav;mfcribbon-ms</Extensions>
    </Filter>
    <Filter Include="Header Files\Audio">
      <UniqueIdentifier>{5b8a275a-f4f9-4cf8-87d8-88ac10333dea}</UniqueIdentifier>
    </Filter>
    <Filter Include="Header Files\Collisions">
      <UniqueIdentifier>{f2c8f075-f7e6-425b-8520-99c6187a0c3d}</UniqueIdentifier>
    </Filter>
    <Filter Include="Header Files\Data">
      <UniqueIdentifier>{0169f439-a5d8-40eb-8694-8c4ed1c5aa57}</UniqueIdentifier>
    </Filter>
    <Filter Include="Header Files\Input">
      <UniqueIdentifier>{e012f4a4-6e9c-4df3-aa50-043d7b8985af}</UniqueIdentifier>
    </Filter>
    <Filter Include="Header Files\UI">
      <UniqueIdentifier>{a0b529ad-e159-472c-b0fb-4c4507874843}</UniqueIdentifier>
    </Filter>
    <Filter Include="Source Files\Audio">
      <UniqueIdentifier>{779e59b9-f33e-4118-9711-7b86960ca626}</UniqueIdentifier>
    </Filter>
    <Filter Include="Source Files\Collisions">
      <UniqueIdentifier>{95f5203c-ca29-4cc1-8a55-1e81a94eeaae}</UniqueIdentifier>
    </Filter>
    <Filter Include="Source Files\Data">
      <UniqueIdentifier>{499b5df3-e288-4bab-812a-9b6340527516}</UniqueIdentifier>
    </Filter>
    <Filter Include="Source Files\Input">
      <UniqueIdentifier>{03ec5116-98c2-433e-a5b8-08792639d80a}</UniqueIdentifier>
    </Filter>
    <Filter Include="Source Files\UI">
      <UniqueIdentifier>{8d68765e-64c7-4099-aa29-aa24bb6be2be}</UniqueIdentifier>
    </Filter>
    <Filter Include="Source Files\Rendering">
      <UniqueIdentifier>{1a04ea73-295f-4817-9d19-ef01afe3fdb0}</UniqueIdentifier>
    </Filter>
    <Filter Include="Header Files\Rendering">
      <UniqueIdentifier>{de205fa0-f874-4632-80ee-6b44e93f2781}</UniqueIdentifier>
    </Filter>
    <Filter Include="Header Files\Physics">
      <UniqueIdentifier>{7b0d6afc-1798-4a40-a778-5dc4e7677e53}</UniqueIdentifier>
    </Filter>
    <Filter Include="Source Files\Physics">
      <UniqueIdentifier>{e733b272-05d9-4389-9815-f3aa703e6a69}</UniqueIdentifier>
    </Filter>
    <Filter Include="Header Files\Util">
      <UniqueIdentifier>{b710476f-f44f-4314-9743-f69a3106cdfb}</UniqueIdentifier>
    </Filter>
    <Filter Include="Source Files\Util">
      <UniqueIdentifier>{32ce1f3a-e857-4724-80b6-fd590e5a53bc}</UniqueIdentifier>
    </Filter>
    <Filter Include="Source Files\Timing">
      <UniqueIdentifier>{88fa3015-30ff-4782-be46-bf4180a0949e}</UniqueIdentifier>
    </Filter>
    <Filter Include="Header Files\Timing">
      <UniqueIdentifier>{2b549b86-f57e-4e51-9073-ec0ca0f2d76d}</UniqueIdentifier>
    </Filter>
    <Filter Include="Header Files\Screen">
      <UniqueIdentifier>{31dd697c-c199-4da5-b393-b85f929efba2}</UniqueIdentifier>
    </Filter>
    <Filter Include="Source Files\Screen">
      <UniqueIdentifier>{12d6064e-36c7-477e-8ccc-1ae6bbe1a502}</UniqueIdentifier>
    </Filter>
    <Filter Include="Header Files\Engine">
      <UniqueIdentifier>{ebb4818f-334a-4a32-9a22-ce8e837def52}</UniqueIdentifier>
    </Filter>
    <Filter Include="Source Files\Engine">
      <UniqueIdentifier>{79461551-55cc-423a-8569-7d8b1a1f4f2c}</UniqueIdentifier>
    </Filter>
    <Filter Include="Header Files\Engine\Modules">
      <UniqueIdentifier>{4c38ce14-f533-4018-b158-f3e52072c25c}</UniqueIdentifier>
    </Filter>
    <Filter Include="Source Files\Engine\Modules">
      <UniqueIdentifier>{fd11b458-6b2d-4e75-8186-e8f08ff608aa}</UniqueIdentifier>
    </Filter>
    <Filter Include="Header Files\Engine\Systems">
      <UniqueIdentifier>{89808ebb-ee0d-4ba6-b6bf-f782cac05c64}</UniqueIdentifier>
    </Filter>
    <Filter Include="Source Files\Engine\Systems">
      <UniqueIdentifier>{ae425ca2-975f-48cd-afab-f897b6976b9d}</UniqueIdentifier>
    </Filter>
  </ItemGroup>
  <ItemGroup>
    <ClInclude Include="includes\audio\AudioEngine.h">
      <Filter>Header Files\Audio</Filter>
    </ClInclude>
    <ClInclude Include="includes\data\ImageLoader.h">
      <Filter>Header Files\Data</Filter>
    </ClInclude>
    <ClInclude Include="includes\data\picopng.h">
      <Filter>Header Files\Data</Filter>
    </ClInclude>
    <ClInclude Include="includes\data\ResourcesManager.h">
      <Filter>Header Files\Data</Filter>
    </ClInclude>
    <ClInclude Include="includes\data\Texture.h">
      <Filter>Header Files\Data</Filter>
    </ClInclude>
    <ClInclude Include="includes\data\Vertex.h">
      <Filter>Header Files\Data</Filter>
    </ClInclude>
    <ClInclude Include="includes\input\EngineIO.h">
      <Filter>Header Files\Input</Filter>
    </ClInclude>
    <ClInclude Include="includes\input\Input.h">
      <Filter>Header Files\Input</Filter>
    </ClInclude>
    <ClInclude Include="includes\timing\Timing.h">
      <Filter>Header Files\Timing</Filter>
    </ClInclude>
    <ClInclude Include="includes\util\Error.h">
      <Filter>Header Files\Util</Filter>
    </ClInclude>
    <ClInclude Include="includes\util\Utility.h">
      <Filter>Header Files\Util</Filter>
    </ClInclude>
    <ClInclude Include="includes\physics\Box.h">
      <Filter>Header Files\Physics</Filter>
    </ClInclude>
    <ClInclude Include="includes\rendering\Camera2D.h">
      <Filter>Header Files\Rendering</Filter>
    </ClInclude>
    <ClInclude Include="includes\rendering\ShaderProgram.h">
      <Filter>Header Files\Rendering</Filter>
    </ClInclude>
    <ClInclude Include="includes\IMainGame.h">
      <Filter>Header Files</Filter>
    </ClInclude>
    <ClInclude Include="includes\SpatialGrid.h">
      <Filter>Header Files</Filter>
    </ClInclude>
    <ClInclude Include="includes\screen\IGameScreen.h">
      <Filter>Header Files\Screen</Filter>
    </ClInclude>
    <ClInclude Include="includes\input\EventBus.h">
      <Filter>Header Files\Input</Filter>
    </ClInclude>
    <ClInclude Include="includes\data\ResourceCache.h">
      <Filter>Header Files\Data</Filter>
    </ClInclude>
    <ClInclude Include="includes\util\IdGenerator.h">
      <Filter>Header Files\Util</Filter>
    </ClInclude>
    <ClInclude Include="includes\data\ColorRGBA8.h">
      <Filter>Header Files\Data</Filter>
    </ClInclude>
    <ClInclude Include="includes\engine\Entity.h">
      <Filter>Header Files\Engine</Filter>
    </ClInclude>
    <ClInclude Include="includes\engine\Module.h">
      <Filter>Header Files\Engine</Filter>
    </ClInclude>
    <ClInclude Include="includes\engine\System.h">
      <Filter>Header Files\Engine</Filter>
    </ClInclude>
    <ClInclude Include="includes\engine\ShyEngine.h">
      <Filter>Header Files\Engine</Filter>
    </ClInclude>
    <ClInclude Include="includes\engine\modules\Sprite.h">
      <Filter>Header Files\Engine\Modules</Filter>
    </ClInclude>
    <ClInclude Include="includes\engine\modules\Physics.h">
      <Filter>Header Files\Engine\Modules</Filter>
    </ClInclude>
    <ClInclude Include="includes\engine\modules\Transform.h">
      <Filter>Header Files\Engine\Modules</Filter>
    </ClInclude>
    <ClInclude Include="includes\engine\modules\Camera.h">
      <Filter>Header Files\Engine\Modules</Filter>
    </ClInclude>
    <ClInclude Include="includes\engine\systems\SpriteRenderer.h">
      <Filter>Header Files\Engine\Systems</Filter>
    </ClInclude>
    <ClInclude Include="includes\util\Math.h">
      <Filter>Header Files\Util</Filter>
    </ClInclude>
    <ClInclude Include="includes\engine\systems\TextRenderer.h">
      <Filter>Header Files\Engine\Systems</Filter>
    </ClInclude>
    <ClInclude Include="includes\data\RenderData.h">
      <Filter>Header Files\Data</Filter>
    </ClInclude>
    <ClInclude Include="includes\engine\systems\Renderer.h">
      <Filter>Header Files\Engine\Systems</Filter>
    </ClInclude>
    <ClInclude Include="includes\ui\Glyph.h">
      <Filter>Header Files\UI</Filter>
    </ClInclude>
    <ClInclude Include="includes\engine\modules\Text.h">
      <Filter>Header Files\Engine\Modules</Filter>
    </ClInclude>
    <ClInclude Include="includes\engine\modules\ParticleSystem.h">
      <Filter>Header Files\Engine\Modules</Filter>
    </ClInclude>
    <ClInclude Include="includes\engine\systems\ParticleRenderer.h">
      <Filter>Header Files\Engine\Systems</Filter>
    </ClInclude>
  </ItemGroup>
  <ItemGroup>
    <ClCompile Include="sources\audio\AudioEngine.cpp">
      <Filter>Source Files\Audio</Filter>
    </ClCompile>
    <ClCompile Include="sources\data\ImageLoader.cpp">
      <Filter>Source Files\Data</Filter>
    </ClCompile>
    <ClCompile Include="sources\data\picopng.cpp">
      <Filter>Source Files\Data</Filter>
    </ClCompile>
    <ClCompile Include="sources\data\ResourcesManager.cpp">
      <Filter>Source Files\Data</Filter>
    </ClCompile>
    <ClCompile Include="sources\input\Input.cpp">
      <Filter>Source Files\Input</Filter>
    </ClCompile>
    <ClCompile Include="sources\timing\Timing.cpp">
      <Filter>Source Files\Timing</Filter>
    </ClCompile>
    <ClCompile Include="sources\util\Error.cpp">
      <Filter>Source Files\Util</Filter>
    </ClCompile>
    <ClCompile Include="sources\util\Utility.cpp">
      <Filter>Source Files\Util</Filter>
    </ClCompile>
    <ClCompile Include="sources\physics\Box.cpp">
      <Filter>Source Files\Physics</Filter>
    </ClCompile>
    <ClCompile Include="sources\rendering\Camera2D.cpp">
      <Filter>Source Files\Rendering</Filter>
    </ClCompile>
    <ClCompile Include="sources\rendering\EngineIO.cpp">
      <Filter>Source Files\Rendering</Filter>
    </ClCompile>
    <ClCompile Include="sources\rendering\ShaderProgram.cpp">
      <Filter>Source Files\Rendering</Filter>
    </ClCompile>
    <ClCompile Include="sources\SpatialGrid.cpp">
      <Filter>Source Files</Filter>
    </ClCompile>
    <ClCompile Include="sources\screen\IMainGame.cpp">
      <Filter>Source Files\Screen</Filter>
    </ClCompile>
    <ClCompile Include="sources\input\EventBus.cpp">
      <Filter>Source Files\Input</Filter>
    </ClCompile>
    <ClCompile Include="sources\util\IdGenerator.cpp">
      <Filter>Source Files\Util</Filter>
    </ClCompile>
    <ClCompile Include="sources\engine\Entity.cpp">
      <Filter>Source Files\Engine</Filter>
    </ClCompile>
    <ClCompile Include="sources\engine\Module.cpp">
      <Filter>Source Files\Engine</Filter>
    </ClCompile>
    <ClCompile Include="sources\engine\System.cpp">
      <Filter>Source Files\Engine</Filter>
    </ClCompile>
    <ClCompile Include="sources\engine\ShyEngine.cpp">
      <Filter>Source Files\Engine</Filter>
    </ClCompile>
    <ClCompile Include="sources\engine\modules\Sprite.cpp">
      <Filter>Source Files\Engine\Modules</Filter>
    </ClCompile>
    <ClCompile Include="sources\engine\modules\Camera.cpp">
      <Filter>Source Files\Engine\Modules</Filter>
    </ClCompile>
    <ClCompile Include="sources\engine\modules\Physics.cpp">
      <Filter>Source Files\Engine\Modules</Filter>
    </ClCompile>
    <ClCompile Include="sources\engine\modules\Transform.cpp">
      <Filter>Source Files\Engine\Modules</Filter>
    </ClCompile>
    <ClCompile Include="sources\engine\systems\SpriteRenderer.cpp">
      <Filter>Source Files\Engine\Systems</Filter>
    </ClCompile>
    <ClCompile Include="sources\engine\systems\TextRenderer.cpp">
      <Filter>Source Files\Engine\Systems</Filter>
    </ClCompile>
    <ClCompile Include="sources\ui\Glyph.cpp">
      <Filter>Source Files\UI</Filter>
    </ClCompile>
    <ClCompile Include="sources\engine\modules\Text.cpp">
      <Filter>Source Files\Engine\Modules</Filter>
    </ClCompile>
    <ClCompile Include="sources\engine\systems\ParticleRenderer.cpp">
      <Filter>Source Files\Engine\Systems</Filter>
    </ClCompile>
    <ClCompile Include="sources\engine\modules\ParticleSystem.cpp">
      <Filter>Source Files\Engine\Modules</Filter>
    </ClCompile>
  </ItemGroup>
</Project>